{
  "name": "myproject",
  "version": "1.0.0",
  "lockfileVersion": 1,
  "requires": true,
  "dependencies": {
    "@fortawesome/fontawesome": {
      "version": "1.2.0-6",
      "resolved": "https://npm.fontawesome.com/284F72EA-4D79-48CE-BD44-8D7A7D5E9A3F/@fortawesome/fontawesome/-/fontawesome-1.2.0-6.tgz",
      "integrity": "sha512-mf9OnRYWH40h+p48mLInR7LZ+/hreb4GRicV6OuwV1AVwGwZwktWuxxlyuHTbi48llvKtVZljBRYuc1BDpegGQ==",
      "requires": {
        "@fortawesome/fontawesome-common-types": "^0.2.0-1"
      }
    },
    "@fortawesome/fontawesome-common-types": {
      "version": "0.2.7",
      "resolved": "https://npm.fontawesome.com/284F72EA-4D79-48CE-BD44-8D7A7D5E9A3F/@fortawesome/fontawesome-common-types/-/fontawesome-common-types-0.2.7.tgz",
      "integrity": "sha512-lFgL3Kqfwk8WS66pkBx5rpd7IQuo8UuahZXH9iuV9UrPK8eDzLccCYopnhTUgsz7+aJpMpqjVyv/N/11j5TtVw=="
    },
    "bootstrap": {
      "version": "4.1.3",
      "resolved": "https://registry.npmjs.org/bootstrap/-/bootstrap-4.1.3.tgz",
      "integrity": "sha512-rDFIzgXcof0jDyjNosjv4Sno77X4KuPeFxG2XZZv1/Kc8DRVGVADdoQyyOVDwPqL36DDmtCQbrpMCqvpPLJQ0w==",
      "dev": true
    },
    "jquery": {
      "version": "3.3.1",
      "resolved": "https://registry.npmjs.org/jquery/-/jquery-3.3.1.tgz",
      "integrity": "sha512-Ubldcmxp5np52/ENotGxlLe6aGMvmF4R8S6tZjsP6Knsaxd/xp3Zrh50cG93lR6nPXyUFwzN3ZSOQI0wRJNdGg==",
      "dev": true
    },
    "vue": {
      "version": "2.5.17",
      "resolved": "https://registry.npmjs.org/vue/-/vue-2.5.17.tgz",
      "integrity": "sha512-mFbcWoDIJi0w0Za4emyLiW72Jae0yjANHbCVquMKijcavBGypqlF7zHRgMa5k4sesdv7hv2rB4JPdZfR+TPfhQ==",
      "dev": true
    }
  }
}
